
Microsoft Visual Studio Solution File, Format Version 12.00
# Visual Studio 15
VisualStudioVersion = 15.0.26430.14
MinimumVisualStudioVersion = 10.0.40219.1
Project("{2150E333-8FDC-42A3-9474-1A3956D46DE8}") = "src", "src", "{3C411FE6-602F-44D1-88F5-9114024C3B89}"
EndProject
Project("{2150E333-8FDC-42A3-9474-1A3956D46DE8}") = "Solution Items", "Solution Items", "{D18E11ED-AC7C-4253-AAE8-6279254A2BBA}"
EndProject
Project("{2150E333-8FDC-42A3-9474-1A3956D46DE8}") = "1 - Presentation", "1 - Presentation", "{9CE4C5BE-5E69-4F40-B409-C94F17A6911E}"
EndProject
Project("{2150E333-8FDC-42A3-9474-1A3956D46DE8}") = "2 - Services", "2 - Services", "{F44A12D5-AFCA-49CF-AF31-758B0F8887C1}"
EndProject
Project("{2150E333-8FDC-42A3-9474-1A3956D46DE8}") = "3 - Application", "3 - Application", "{5BDDBD61-9CCA-42DC-9773-181414B53FF1}"
EndProject
Project("{2150E333-8FDC-42A3-9474-1A3956D46DE8}") = "4 - Domain", "4 - Domain", "{C780B151-2E86-4A88-B269-8FF6D6867C4F}"
EndProject
Project("{2150E333-8FDC-42A3-9474-1A3956D46DE8}") = "5 - Infra", "5 - Infra", "{0FA8A9E8-75A0-4928-BB41-073848A07425}"
EndProject
Project("{2150E333-8FDC-42A3-9474-1A3956D46DE8}") = "5.1 - Data", "5.1 - Data", "{4E8D10E6-4CB8-4A0E-AA12-482F1611536B}"
EndProject
Project("{2150E333-8FDC-42A3-9474-1A3956D46DE8}") = "5.2 - CrossCutting", "5.2 - CrossCutting", "{CE6C1673-F31D-47F9-9F55-1022121750CA}"
EndProject
Project("{9A19103F-16F7-4668-BE54-9A1E7A4F7556}") = "CursoAspNetCore.Domain", "src\CursoAspNetCore.Domain\CursoAspNetCore.Domain.csproj", "{3A0B1D5B-D4DD-40C5-8A43-037BFBDBAA69}"
EndProject
Project("{9A19103F-16F7-4668-BE54-9A1E7A4F7556}") = "CursoAspNetMvc.Infra.Data", "src\CursoAspNetMvc.Infra.Data\CursoAspNetMvc.Infra.Data.csproj", "{B8A42681-230B-4905-BB4A-39EAA772F8EF}"
EndProject
Project("{9A19103F-16F7-4668-BE54-9A1E7A4F7556}") = "CursoAspNetCore.Application", "src\CursoAspNetCore.Application\CursoAspNetCore.Application.csproj", "{FF913F5E-0CE7-4900-B679-766287DDF268}"
EndProject
Project("{9A19103F-16F7-4668-BE54-9A1E7A4F7556}") = "CursoAspNetCore.Mvc", "src\CursoAspNetCore.Mvc\CursoAspNetCore.Mvc.csproj", "{5EA7D6BB-09EF-4BEE-8101-AA6D63AD9A20}"
EndProject
Project("{FAE04EC0-301F-11D3-BF4B-00C04F79EFBC}") = "CursoAspNetCore.Domain.Core", "CursoAspNetCore.Domain.Core\CursoAspNetCore.Domain.Core.csproj", "{EE3D8DFB-D68F-42A2-8E45-13F712A7372A}"
EndProject
Global
	GlobalSection(SolutionConfigurationPlatforms) = preSolution
		Debug|Any CPU = Debug|Any CPU
		Release|Any CPU = Release|Any CPU
	EndGlobalSection
	GlobalSection(ProjectConfigurationPlatforms) = postSolution
		{3A0B1D5B-D4DD-40C5-8A43-037BFBDBAA69}.Debug|Any CPU.ActiveCfg = Debug|Any CPU
		{3A0B1D5B-D4DD-40C5-8A43-037BFBDBAA69}.Debug|Any CPU.Build.0 = Debug|Any CPU
		{3A0B1D5B-D4DD-40C5-8A43-037BFBDBAA69}.Release|Any CPU.ActiveCfg = Release|Any CPU
		{3A0B1D5B-D4DD-40C5-8A43-037BFBDBAA69}.Release|Any CPU.Build.0 = Release|Any CPU
		{B8A42681-230B-4905-BB4A-39EAA772F8EF}.Debug|Any CPU.ActiveCfg = Debug|Any CPU
		{B8A42681-230B-4905-BB4A-39EAA772F8EF}.Debug|Any CPU.Build.0 = Debug|Any CPU
		{B8A42681-230B-4905-BB4A-39EAA772F8EF}.Release|Any CPU.ActiveCfg = Release|Any CPU
		{B8A42681-230B-4905-BB4A-39EAA772F8EF}.Release|Any CPU.Build.0 = Release|Any CPU
		{FF913F5E-0CE7-4900-B679-766287DDF268}.Debug|Any CPU.ActiveCfg = Debug|Any CPU
		{FF913F5E-0CE7-4900-B679-766287DDF268}.Debug|Any CPU.Build.0 = Debug|Any CPU
		{FF913F5E-0CE7-4900-B679-766287DDF268}.Release|Any CPU.ActiveCfg = Release|Any CPU
		{FF913F5E-0CE7-4900-B679-766287DDF268}.Release|Any CPU.Build.0 = Release|Any CPU
		{5EA7D6BB-09EF-4BEE-8101-AA6D63AD9A20}.Debug|Any CPU.ActiveCfg = Debug|Any CPU
		{5EA7D6BB-09EF-4BEE-8101-AA6D63AD9A20}.Debug|Any CPU.Build.0 = Debug|Any CPU
		{5EA7D6BB-09EF-4BEE-8101-AA6D63AD9A20}.Release|Any CPU.ActiveCfg = Release|Any CPU
		{5EA7D6BB-09EF-4BEE-8101-AA6D63AD9A20}.Release|Any CPU.Build.0 = Release|Any CPU
		{EE3D8DFB-D68F-42A2-8E45-13F712A7372A}.Debug|Any CPU.ActiveCfg = Debug|Any CPU
		{EE3D8DFB-D68F-42A2-8E45-13F712A7372A}.Debug|Any CPU.Build.0 = Debug|Any CPU
		{EE3D8DFB-D68F-42A2-8E45-13F712A7372A}.Release|Any CPU.ActiveCfg = Release|Any CPU
		{EE3D8DFB-D68F-42A2-8E45-13F712A7372A}.Release|Any CPU.Build.0 = Release|Any CPU
	EndGlobalSection
	GlobalSection(SolutionProperties) = preSolution
		HideSolutionNode = FALSE
	EndGlobalSection
	GlobalSection(NestedProjects) = preSolution
		{9CE4C5BE-5E69-4F40-B409-C94F17A6911E} = {3C411FE6-602F-44D1-88F5-9114024C3B89}
		{F44A12D5-AFCA-49CF-AF31-758B0F8887C1} = {3C411FE6-602F-44D1-88F5-9114024C3B89}
		{5BDDBD61-9CCA-42DC-9773-181414B53FF1} = {3C411FE6-602F-44D1-88F5-9114024C3B89}
		{C780B151-2E86-4A88-B269-8FF6D6867C4F} = {3C411FE6-602F-44D1-88F5-9114024C3B89}
		{0FA8A9E8-75A0-4928-BB41-073848A07425} = {3C411FE6-602F-44D1-88F5-9114024C3B89}
		{4E8D10E6-4CB8-4A0E-AA12-482F1611536B} = {0FA8A9E8-75A0-4928-BB41-073848A07425}
		{CE6C1673-F31D-47F9-9F55-1022121750CA} = {0FA8A9E8-75A0-4928-BB41-073848A07425}
		{3A0B1D5B-D4DD-40C5-8A43-037BFBDBAA69} = {C780B151-2E86-4A88-B269-8FF6D6867C4F}
		{B8A42681-230B-4905-BB4A-39EAA772F8EF} = {4E8D10E6-4CB8-4A0E-AA12-482F1611536B}
		{FF913F5E-0CE7-4900-B679-766287DDF268} = {5BDDBD61-9CCA-42DC-9773-181414B53FF1}
		{5EA7D6BB-09EF-4BEE-8101-AA6D63AD9A20} = {9CE4C5BE-5E69-4F40-B409-C94F17A6911E}
		{EE3D8DFB-D68F-42A2-8E45-13F712A7372A} = {C780B151-2E86-4A88-B269-8FF6D6867C4F}
	EndGlobalSection
EndGlobal
